
Microsoft Visual Studio Solution File, Format Version 12.00
# Visual Studio Version 16
VisualStudioVersion = 16.0.29613.14
MinimumVisualStudioVersion = 10.0.40219.1
Project("{FAE04EC0-301F-11D3-BF4B-00C04F79EFBC}") = "PROJECT", "PROJECT\PROJECT.csproj", "{87AC24A6-2967-4CF4-9CC9-00F691A00CBA}"
EndProject
Global
	GlobalSection(SolutionConfigurationPlatforms) = preSolution
		Debug|Any CPU = Debug|Any CPU
		Release|Any CPU = Release|Any CPU
	EndGlobalSection
	GlobalSection(ProjectConfigurationPlatforms) = postSolution
		{87AC24A6-2967-4CF4-9CC9-00F691A00CBA}.Debug|Any CPU.ActiveCfg = Debug|Any CPU
		{87AC24A6-2967-4CF4-9CC9-00F691A00CBA}.Debug|Any CPU.Build.0 = Debug|Any CPU
		{87AC24A6-2967-4CF4-9CC9-00F691A00CBA}.Release|Any CPU.ActiveCfg = Release|Any CPU
		{87AC24A6-2967-4CF4-9CC9-00F691A00CBA}.Release|Any CPU.Build.0 = Release|Any CPU
	EndGlobalSection
	GlobalSection(SolutionProperties) = preSolution
		HideSolutionNode = FALSE
	EndGlobalSection
	GlobalSection(ExtensibilityGlobals) = postSolution
		SolutionGuid = {7B7CF53E-CE3A-4740-9C21-302AE16B395A}
	EndGlobalSection
EndGlobal
